
Microsoft Visual Studio Solution File, Format Version 12.00
# Visual Studio 15
VisualStudioVersion = 15.0.27703.2000
MinimumVisualStudioVersion = 10.0.40219.1
Project("{FAE04EC0-301F-11D3-BF4B-00C04F79EFBC}") = "RegistroSegundoParcial", "RegistroSegundoParcial\RegistroSegundoParcial.csproj", "{D771F5DD-B9E0-4184-A1D8-01F19A7BFCC8}"
EndProject
Project("{FAE04EC0-301F-11D3-BF4B-00C04F79EFBC}") = "RegistroSegundoParcialTests", "RegistroSegundoParcialTests\RegistroSegundoParcialTests.csproj", "{C709E326-0ED6-4CB7-B1FD-061CB28CB964}"
EndProject
Global
	GlobalSection(SolutionConfigurationPlatforms) = preSolution
		Debug|Any CPU = Debug|Any CPU
		Release|Any CPU = Release|Any CPU
	EndGlobalSection
	GlobalSection(ProjectConfigurationPlatforms) = postSolution
		{D771F5DD-B9E0-4184-A1D8-01F19A7BFCC8}.Debug|Any CPU.ActiveCfg = Debug|Any CPU
		{D771F5DD-B9E0-4184-A1D8-01F19A7BFCC8}.Debug|Any CPU.Build.0 = Debug|Any CPU
		{D771F5DD-B9E0-4184-A1D8-01F19A7BFCC8}.Release|Any CPU.ActiveCfg = Release|Any CPU
		{D771F5DD-B9E0-4184-A1D8-01F19A7BFCC8}.Release|Any CPU.Build.0 = Release|Any CPU
		{C709E326-0ED6-4CB7-B1FD-061CB28CB964}.Debug|Any CPU.ActiveCfg = Debug|Any CPU
		{C709E326-0ED6-4CB7-B1FD-061CB28CB964}.Debug|Any CPU.Build.0 = Debug|Any CPU
		{C709E326-0ED6-4CB7-B1FD-061CB28CB964}.Release|Any CPU.ActiveCfg = Release|Any CPU
		{C709E326-0ED6-4CB7-B1FD-061CB28CB964}.Release|Any CPU.Build.0 = Release|Any CPU
	EndGlobalSection
	GlobalSection(SolutionProperties) = preSolution
		HideSolutionNode = FALSE
	EndGlobalSection
	GlobalSection(ExtensibilityGlobals) = postSolution
		SolutionGuid = {A3B92427-9DA9-46F1-90EA-819249C21C9D}
	EndGlobalSection
EndGlobal
